
Microsoft Visual Studio Solution File, Format Version 12.00
# Visual Studio Version 17
VisualStudioVersion = 17.6.33712.159
MinimumVisualStudioVersion = 10.0.40219.1
Project("{FAE04EC0-301F-11D3-BF4B-00C04F79EFBC}") = "DuplicateFileCleaner", "DuplicateFileCleaner.csproj", "{7C00AB84-E68B-43E7-8D12-E34FF3E21016}"
EndProject
Global
	GlobalSection(SolutionConfigurationPlatforms) = preSolution
		Debug|Any CPU = Debug|Any CPU
		Release|Any CPU = Release|Any CPU
	EndGlobalSection
	GlobalSection(ProjectConfigurationPlatforms) = postSolution
		{7C00AB84-E68B-43E7-8D12-E34FF3E21016}.Debug|Any CPU.ActiveCfg = Debug|Any CPU
		{7C00AB84-E68B-43E7-8D12-E34FF3E21016}.Debug|Any CPU.Build.0 = Debug|Any CPU
		{7C00AB84-E68B-43E7-8D12-E34FF3E21016}.Release|Any CPU.ActiveCfg = Release|Any CPU
		{7C00AB84-E68B-43E7-8D12-E34FF3E21016}.Release|Any CPU.Build.0 = Release|Any CPU
	EndGlobalSection
	GlobalSection(SolutionProperties) = preSolution
		HideSolutionNode = FALSE
	EndGlobalSection
	GlobalSection(ExtensibilityGlobals) = postSolution
		SolutionGuid = {34D21ABB-82FA-457B-86C9-E7FE53B3DD88}
	EndGlobalSection
EndGlobal
