
Microsoft Visual Studio Solution File, Format Version 12.00
# Visual Studio Version 17
VisualStudioVersion = 17.6.33723.286
MinimumVisualStudioVersion = 10.0.40219.1
Project("{FAE04EC0-301F-11D3-BF4B-00C04F79EFBC}") = "WindowsFormsApp1", "WindowsFormsApp1.csproj", "{28B66B83-1173-4312-9044-310DCFA199F5}"
EndProject
Global
	GlobalSection(SolutionConfigurationPlatforms) = preSolution
		Debug|Any CPU = Debug|Any CPU
		Release|Any CPU = Release|Any CPU
	EndGlobalSection
	GlobalSection(ProjectConfigurationPlatforms) = postSolution
		{28B66B83-1173-4312-9044-310DCFA199F5}.Debug|Any CPU.ActiveCfg = Debug|Any CPU
		{28B66B83-1173-4312-9044-310DCFA199F5}.Debug|Any CPU.Build.0 = Debug|Any CPU
		{28B66B83-1173-4312-9044-310DCFA199F5}.Release|Any CPU.ActiveCfg = Release|Any CPU
		{28B66B83-1173-4312-9044-310DCFA199F5}.Release|Any CPU.Build.0 = Release|Any CPU
	EndGlobalSection
	GlobalSection(SolutionProperties) = preSolution
		HideSolutionNode = FALSE
	EndGlobalSection
	GlobalSection(ExtensibilityGlobals) = postSolution
		SolutionGuid = {C80C5D9D-0FD9-4875-A894-7A71DE8A98B8}
	EndGlobalSection
EndGlobal
