
Microsoft Visual Studio Solution File, Format Version 12.00
# Visual Studio Version 17
VisualStudioVersion = 17.5.33530.505
MinimumVisualStudioVersion = 10.0.40219.1
Project("{FAE04EC0-301F-11D3-BF4B-00C04F79EFBC}") = "WinFormsApp1", "WinFormsApp1.csproj", "{27386EA7-59D9-4E2F-B36B-5581DDB3C23E}"
EndProject
Global
	GlobalSection(SolutionConfigurationPlatforms) = preSolution
		Debug|Any CPU = Debug|Any CPU
		Release|Any CPU = Release|Any CPU
	EndGlobalSection
	GlobalSection(ProjectConfigurationPlatforms) = postSolution
		{27386EA7-59D9-4E2F-B36B-5581DDB3C23E}.Debug|Any CPU.ActiveCfg = Debug|Any CPU
		{27386EA7-59D9-4E2F-B36B-5581DDB3C23E}.Debug|Any CPU.Build.0 = Debug|Any CPU
		{27386EA7-59D9-4E2F-B36B-5581DDB3C23E}.Release|Any CPU.ActiveCfg = Release|Any CPU
		{27386EA7-59D9-4E2F-B36B-5581DDB3C23E}.Release|Any CPU.Build.0 = Release|Any CPU
	EndGlobalSection
	GlobalSection(SolutionProperties) = preSolution
		HideSolutionNode = FALSE
	EndGlobalSection
	GlobalSection(ExtensibilityGlobals) = postSolution
		SolutionGuid = {F7B2E561-444D-4E26-AA5A-EDDB91273B80}
	EndGlobalSection
EndGlobal
