
Microsoft Visual Studio Solution File, Format Version 12.00
# Visual Studio Version 17
VisualStudioVersion = 17.6.33723.286
MinimumVisualStudioVersion = 10.0.40219.1
Project("{FAE04EC0-301F-11D3-BF4B-00C04F79EFBC}") = "WinFormsApp1", "WinFormsApp1.csproj", "{A23C8AF4-E780-4026-A91E-69EDE1855AE7}"
EndProject
Global
	GlobalSection(SolutionConfigurationPlatforms) = preSolution
		Debug|Any CPU = Debug|Any CPU
		Release|Any CPU = Release|Any CPU
	EndGlobalSection
	GlobalSection(ProjectConfigurationPlatforms) = postSolution
		{A23C8AF4-E780-4026-A91E-69EDE1855AE7}.Debug|Any CPU.ActiveCfg = Debug|Any CPU
		{A23C8AF4-E780-4026-A91E-69EDE1855AE7}.Debug|Any CPU.Build.0 = Debug|Any CPU
		{A23C8AF4-E780-4026-A91E-69EDE1855AE7}.Release|Any CPU.ActiveCfg = Release|Any CPU
		{A23C8AF4-E780-4026-A91E-69EDE1855AE7}.Release|Any CPU.Build.0 = Release|Any CPU
	EndGlobalSection
	GlobalSection(SolutionProperties) = preSolution
		HideSolutionNode = FALSE
	EndGlobalSection
	GlobalSection(ExtensibilityGlobals) = postSolution
		SolutionGuid = {CC5A3184-277D-4F3E-8E13-66686C14CFB9}
	EndGlobalSection
EndGlobal
