
Microsoft Visual Studio Solution File, Format Version 12.00
# Visual Studio Version 17
VisualStudioVersion = 17.5.33530.505
MinimumVisualStudioVersion = 10.0.40219.1
Project("{FAE04EC0-301F-11D3-BF4B-00C04F79EFBC}") = "WindowsFormsApp1", "WindowsFormsApp1.csproj", "{9123C782-81F3-4D82-83BB-2C45B6382E92}"
EndProject
Global
	GlobalSection(SolutionConfigurationPlatforms) = preSolution
		Debug|Any CPU = Debug|Any CPU
		Release|Any CPU = Release|Any CPU
	EndGlobalSection
	GlobalSection(ProjectConfigurationPlatforms) = postSolution
		{9123C782-81F3-4D82-83BB-2C45B6382E92}.Debug|Any CPU.ActiveCfg = Debug|Any CPU
		{9123C782-81F3-4D82-83BB-2C45B6382E92}.Debug|Any CPU.Build.0 = Debug|Any CPU
		{9123C782-81F3-4D82-83BB-2C45B6382E92}.Release|Any CPU.ActiveCfg = Release|Any CPU
		{9123C782-81F3-4D82-83BB-2C45B6382E92}.Release|Any CPU.Build.0 = Release|Any CPU
	EndGlobalSection
	GlobalSection(SolutionProperties) = preSolution
		HideSolutionNode = FALSE
	EndGlobalSection
	GlobalSection(ExtensibilityGlobals) = postSolution
		SolutionGuid = {2C30D0A2-A0AE-4B95-9794-413124653515}
	EndGlobalSection
EndGlobal
