
Microsoft Visual Studio Solution File, Format Version 12.00
# Visual Studio Version 16
VisualStudioVersion = 16.0.33529.622
MinimumVisualStudioVersion = 10.0.40219.1
Project("{FAE04EC0-301F-11D3-BF4B-00C04F79EFBC}") = "WindowsFormsApp2", "WindowsFormsApp2.csproj", "{F313FA29-C44D-4171-838F-4F4CFC390F05}"
EndProject
Global
	GlobalSection(SolutionConfigurationPlatforms) = preSolution
		Debug|Any CPU = Debug|Any CPU
		Release|Any CPU = Release|Any CPU
	EndGlobalSection
	GlobalSection(ProjectConfigurationPlatforms) = postSolution
		{F313FA29-C44D-4171-838F-4F4CFC390F05}.Debug|Any CPU.ActiveCfg = Debug|Any CPU
		{F313FA29-C44D-4171-838F-4F4CFC390F05}.Debug|Any CPU.Build.0 = Debug|Any CPU
		{F313FA29-C44D-4171-838F-4F4CFC390F05}.Release|Any CPU.ActiveCfg = Release|Any CPU
		{F313FA29-C44D-4171-838F-4F4CFC390F05}.Release|Any CPU.Build.0 = Release|Any CPU
	EndGlobalSection
	GlobalSection(SolutionProperties) = preSolution
		HideSolutionNode = FALSE
	EndGlobalSection
	GlobalSection(ExtensibilityGlobals) = postSolution
		SolutionGuid = {7D988E45-46A7-40E3-9FA0-A53614F96548}
	EndGlobalSection
EndGlobal
